
Microsoft Visual Studio Solution File, Format Version 12.00
# Visual Studio Version 17
VisualStudioVersion = 17.9.34607.119
MinimumVisualStudioVersion = 10.0.40219.1
Project("{9A19103F-16F7-4668-BE54-9A1E7A4F7556}") = "SmartHint", "SmartHint\SmartHint.csproj", "{7F28B695-5CD4-4806-B42F-DFCF91D8875A}"
EndProject
Global
	GlobalSection(SolutionConfigurationPlatforms) = preSolution
		Debug|Any CPU = Debug|Any CPU
		Release|Any CPU = Release|Any CPU
	EndGlobalSection
	GlobalSection(ProjectConfigurationPlatforms) = postSolution
		{7F28B695-5CD4-4806-B42F-DFCF91D8875A}.Debug|Any CPU.ActiveCfg = Debug|Any CPU
		{7F28B695-5CD4-4806-B42F-DFCF91D8875A}.Debug|Any CPU.Build.0 = Debug|Any CPU
		{7F28B695-5CD4-4806-B42F-DFCF91D8875A}.Release|Any CPU.ActiveCfg = Release|Any CPU
		{7F28B695-5CD4-4806-B42F-DFCF91D8875A}.Release|Any CPU.Build.0 = Release|Any CPU
	EndGlobalSection
	GlobalSection(SolutionProperties) = preSolution
		HideSolutionNode = FALSE
	EndGlobalSection
	GlobalSection(ExtensibilityGlobals) = postSolution
		SolutionGuid = {F9E986FB-882A-4C48-9F70-4F14E52FCDE6}
	EndGlobalSection
EndGlobal
